Microsoft Visual Studio Solution File, Format Version 12.00
# Visual Studio Version 17
VisualStudioVersion = 17.5.2.0
MinimumVisualStudioVersion = 10.0.40219.1
Project("{FAE04EC0-301F-11D3-BF4B-00C04F79EFBC}") = "AFKManager", "AFKManager.csproj", "{5F38B2F8-7550-9151-2EA0-907CC6FD1494}"
EndProject
Global
	GlobalSection(SolutionConfigurationPlatforms) = preSolution
		Debug|Any CPU = Debug|Any CPU
		Release|Any CPU = Release|Any CPU
	EndGlobalSection
	GlobalSection(ProjectConfigurationPlatforms) = postSolution
		{5F38B2F8-7550-9151-2EA0-907CC6FD1494}.Debug|Any CPU.ActiveCfg = Debug|Any CPU
		{5F38B2F8-7550-9151-2EA0-907CC6FD1494}.Debug|Any CPU.Build.0 = Debug|Any CPU
		{5F38B2F8-7550-9151-2EA0-907CC6FD1494}.Release|Any CPU.ActiveCfg = Release|Any CPU
		{5F38B2F8-7550-9151-2EA0-907CC6FD1494}.Release|Any CPU.Build.0 = Release|Any CPU
	EndGlobalSection
	GlobalSection(SolutionProperties) = preSolution
		HideSolutionNode = FALSE
	EndGlobalSection
	GlobalSection(ExtensibilityGlobals) = postSolution
		SolutionGuid = {5A6E46D7-8F7F-4CFF-867D-A35A923752CD}
	EndGlobalSection
EndGlobal
